
Microsoft Visual Studio Solution File, Format Version 12.00
# Visual Studio 15
VisualStudioVersion = 15.0.28307.271
MinimumVisualStudioVersion = 10.0.40219.1
Project("{FAE04EC0-301F-11D3-BF4B-00C04F79EFBC}") = "Grades1", "Grades1\Grades1.csproj", "{FAACA061-437A-41F7-B7AD-8D1BDA39DF97}"
EndProject
Global
	GlobalSection(SolutionConfigurationPlatforms) = preSolution
		Debug|Any CPU = Debug|Any CPU
		Release|Any CPU = Release|Any CPU
	EndGlobalSection
	GlobalSection(ProjectConfigurationPlatforms) = postSolution
		{FAACA061-437A-41F7-B7AD-8D1BDA39DF97}.Debug|Any CPU.ActiveCfg = Debug|Any CPU
		{FAACA061-437A-41F7-B7AD-8D1BDA39DF97}.Debug|Any CPU.Build.0 = Debug|Any CPU
		{FAACA061-437A-41F7-B7AD-8D1BDA39DF97}.Release|Any CPU.ActiveCfg = Release|Any CPU
		{FAACA061-437A-41F7-B7AD-8D1BDA39DF97}.Release|Any CPU.Build.0 = Release|Any CPU
	EndGlobalSection
	GlobalSection(SolutionProperties) = preSolution
		HideSolutionNode = FALSE
	EndGlobalSection
	GlobalSection(ExtensibilityGlobals) = postSolution
		SolutionGuid = {8227325B-92DC-4DEC-A209-32ED5FE4E3DD}
	EndGlobalSection
EndGlobal
